// !$*UTF8*$!
{
	archiveVersion = 1;
	classes = {
	};
	objectVersion = 56;
	objects = {

/* Begin PBXBuildFile section */
		C8B966572E4EB669A5BA46BB /* Pods_Book_Memo.framework in Frameworks */ = {isa = PBXBuildFile; fileRef = 63CCDB033204FF54E4D9E2AC /* Pods_Book_Memo.framework */; };
		D13D733929B9A7370096BEA9 /* BookManagementViewController.swift in Sources */ = {isa = PBXBuildFile; fileRef = D13D733829B9A7370096BEA9 /* BookManagementViewController.swift */; };
		D13D733B29B9A7880096BEA9 /* BookRegisterViewController.swift in Sources */ = {isa = PBXBuildFile; fileRef = D13D733A29B9A7880096BEA9 /* BookRegisterViewController.swift */; };
		D13D733D29B9A7AA0096BEA9 /* OtherViewController.swift in Sources */ = {isa = PBXBuildFile; fileRef = D13D733C29B9A7AA0096BEA9 /* OtherViewController.swift */; };
		D13D733F29B9AAF10096BEA9 /* TabBarController.swift in Sources */ = {isa = PBXBuildFile; fileRef = D13D733E29B9AAF10096BEA9 /* TabBarController.swift */; };
		D1A6A30929B82E520086323B /* AppDelegate.swift in Sources */ = {isa = PBXBuildFile; fileRef = D1A6A30829B82E520086323B /* AppDelegate.swift */; };
		D1A6A30B29B82E520086323B /* SceneDelegate.swift in Sources */ = {isa = PBXBuildFile; fileRef = D1A6A30A29B82E520086323B /* SceneDelegate.swift */; };
		D1A6A31029B82E520086323B /* Main.storyboard in Resources */ = {isa = PBXBuildFile; fileRef = D1A6A30E29B82E520086323B /* Main.storyboard */; };
		D1A6A31229B82E540086323B /* Assets.xcassets in Resources */ = {isa = PBXBuildFile; fileRef = D1A6A31129B82E540086323B /* Assets.xcassets */; };
		D1A6A31529B82E540086323B /* LaunchScreen.storyboard in Resources */ = {isa = PBXBuildFile; fileRef = D1A6A31329B82E540086323B /* LaunchScreen.storyboard */; };
		D1ADBD3329B9E27C0035F1B7 /* Book.swift in Sources */ = {isa = PBXBuildFile; fileRef = D1ADBD3229B9E27C0035F1B7 /* Book.swift */; };
		D1ADBD3529BAC9DF0035F1B7 /* ViewController.swift in Sources */ = {isa = PBXBuildFile; fileRef = D1ADBD3429BAC9DF0035F1B7 /* ViewController.swift */; };
/* End PBXBuildFile section */

/* Begin PBXFileReference section */
		63CCDB033204FF54E4D9E2AC /* Pods_Book_Memo.framework */ = {isa = PBXFileReference; explicitFileType = wrapper.framework; includeInIndex = 0; path = Pods_Book_Memo.framework; sourceTree = BUILT_PRODUCTS_DIR; };
		72D9A6F4F5B103C791C9B36E /* Pods-Book Memo.release.xcconfig */ = {isa = PBXFileReference; includeInIndex = 1; lastKnownFileType = text.xcconfig; name = "Pods-Book Memo.release.xcconfig"; path = "Target Support Files/Pods-Book Memo/Pods-Book Memo.release.xcconfig"; sourceTree = "<group>"; };
		806826913D0BE04FA26C8C9A /* Pods-Book Memo.debug.xcconfig */ = {isa = PBXFileReference; includeInIndex = 1; lastKnownFileType = text.xcconfig; name = "Pods-Book Memo.debug.xcconfig"; path = "Target Support Files/Pods-Book Memo/Pods-Book Memo.debug.xcconfig"; sourceTree = "<group>"; };
		D13D733829B9A7370096BEA9 /* BookManagementViewController.swift */ = {isa = PBXFileReference; lastKnownFileType = sourcecode.swift; path = BookManagementViewController.swift; sourceTree = "<group>"; };
		D13D733A29B9A7880096BEA9 /* BookRegisterViewController.swift */ = {isa = PBXFileReference; lastKnownFileType = sourcecode.swift; path = BookRegisterViewController.swift; sourceTree = "<group>"; };
		D13D733C29B9A7AA0096BEA9 /* OtherViewController.swift */ = {isa = PBXFileReference; lastKnownFileType = sourcecode.swift; path = OtherViewController.swift; sourceTree = "<group>"; };
		D13D733E29B9AAF10096BEA9 /* TabBarController.swift */ = {isa = PBXFileReference; lastKnownFileType = sourcecode.swift; path = TabBarController.swift; sourceTree = "<group>"; };
		D1A6A30529B82E520086323B /* Book Memo.app */ = {isa = PBXFileReference; explicitFileType = wrapper.application; includeInIndex = 0; path = "Book Memo.app"; sourceTree = BUILT_PRODUCTS_DIR; };
		D1A6A30829B82E520086323B /* AppDelegate.swift */ = {isa = PBXFileReference; lastKnownFileType = sourcecode.swift; path = AppDelegate.swift; sourceTree = "<group>"; };
		D1A6A30A29B82E520086323B /* SceneDelegate.swift */ = {isa = PBXFileReference; lastKnownFileType = sourcecode.swift; path = SceneDelegate.swift; sourceTree = "<group>"; };
		D1A6A30F29B82E520086323B /* Base */ = {isa = PBXFileReference; lastKnownFileType = file.storyboard; name = Base; path = Base.lproj/Main.storyboard; sourceTree = "<group>"; };
		D1A6A31129B82E540086323B /* Assets.xcassets */ = {isa = PBXFileReference; lastKnownFileType = folder.assetcatalog; path = Assets.xcassets; sourceTree = "<group>"; };
		D1A6A31429B82E540086323B /* Base */ = {isa = PBXFileReference; lastKnownFileType = file.storyboard; name = Base; path = Base.lproj/LaunchScreen.storyboard; sourceTree = "<group>"; };
		D1A6A31629B82E540086323B /* Info.plist */ = {isa = PBXFileReference; lastKnownFileType = text.plist.xml; path = Info.plist; sourceTree = "<group>"; };
		D1ADBD3229B9E27C0035F1B7 /* Book.swift */ = {isa = PBXFileReference; lastKnownFileType = sourcecode.swift; path = Book.swift; sourceTree = "<group>"; };
		D1ADBD3429BAC9DF0035F1B7 /* ViewController.swift */ = {isa = PBXFileReference; lastKnownFileType = sourcecode.swift; path = ViewController.swift; sourceTree = "<group>"; };
/* End PBXFileReference section */

/* Begin PBXFrameworksBuildPhase section */
		D1A6A30229B82E520086323B /* Frameworks */ = {
			isa = PBXFrameworksBuildPhase;
			buildActionMask = 2147483647;
			files = (
				C8B966572E4EB669A5BA46BB /* Pods_Book_Memo.framework in Frameworks */,
			);
			runOnlyForDeploymentPostprocessing = 0;
		};
/* End PBXFrameworksBuildPhase section */

/* Begin PBXGroup section */
		46B87114973A1F03F9C9ECE6 /* Pods */ = {
			isa = PBXGroup;
			children = (
				806826913D0BE04FA26C8C9A /* Pods-Book Memo.debug.xcconfig */,
				72D9A6F4F5B103C791C9B36E /* Pods-Book Memo.release.xcconfig */,
			);
			path = Pods;
			sourceTree = "<group>";
		};
		B550DEBBF65D86DA99CC0C44 /* Frameworks */ = {
			isa = PBXGroup;
			children = (
				63CCDB033204FF54E4D9E2AC /* Pods_Book_Memo.framework */,
			);
			name = Frameworks;
			sourceTree = "<group>";
		};
		D1A6A2FC29B82E520086323B = {
			isa = PBXGroup;
			children = (
				D1ADBD3429BAC9DF0035F1B7 /* ViewController.swift */,
				D1ADBD3229B9E27C0035F1B7 /* Book.swift */,
				D1A6A30729B82E520086323B /* Book Memo */,
				D1A6A30629B82E520086323B /* Products */,
				46B87114973A1F03F9C9ECE6 /* Pods */,
				B550DEBBF65D86DA99CC0C44 /* Frameworks */,
			);
			sourceTree = "<group>";
		};
		D1A6A30629B82E520086323B /* Products */ = {
			isa = PBXGroup;
			children = (
				D1A6A30529B82E520086323B /* Book Memo.app */,
			);
			name = Products;
			sourceTree = "<group>";
		};
		D1A6A30729B82E520086323B /* Book Memo */ = {
			isa = PBXGroup;
			children = (
				D1A6A30829B82E520086323B /* AppDelegate.swift */,
				D1A6A30A29B82E520086323B /* SceneDelegate.swift */,
				D13D733E29B9AAF10096BEA9 /* TabBarController.swift */,
				D13D733829B9A7370096BEA9 /* BookManagementViewController.swift */,
				D13D733A29B9A7880096BEA9 /* BookRegisterViewController.swift */,
				D13D733C29B9A7AA0096BEA9 /* OtherViewController.swift */,
				D1A6A30E29B82E520086323B /* Main.storyboard */,
				D1A6A31129B82E540086323B /* Assets.xcassets */,
				D1A6A31329B82E540086323B /* LaunchScreen.storyboard */,
				D1A6A31629B82E540086323B /* Info.plist */,
			);
			path = "Book Memo";
			sourceTree = "<group>";
		};
/* End PBXGroup section */

/* Begin PBXNativeTarget section */
		D1A6A30429B82E520086323B /* Book Memo */ = {
			isa = PBXNativeTarget;
			buildConfigurationList = D1A6A31929B82E540086323B /* Build configuration list for PBXNativeTarget "Book Memo" */;
			buildPhases = (
				539D301A1D2F457DF7E94645 /* [CP] Check Pods Manifest.lock */,
				D1A6A30129B82E520086323B /* Sources */,
				D1A6A30229B82E520086323B /* Frameworks */,
				D1A6A30329B82E520086323B /* Resources */,
				E684560FDA6CDA4CAEB739CB /* [CP] Embed Pods Frameworks */,
			);
			buildRules = (
			);
			dependencies = (
			);
			name = "Book Memo";
			productName = "Book Memo";
			productReference = D1A6A30529B82E520086323B /* Book Memo.app */;
			productType = "com.apple.product-type.application";
		};
/* End PBXNativeTarget section */

/* Begin PBXProject section */
		D1A6A2FD29B82E520086323B /* Project object */ = {
			isa = PBXProject;
			attributes = {
				BuildIndependentTargetsInParallel = 1;
				LastSwiftUpdateCheck = 1420;
				LastUpgradeCheck = 1420;
				TargetAttributes = {
					D1A6A30429B82E520086323B = {
						CreatedOnToolsVersion = 14.2;
					};
				};
			};
			buildConfigurationList = D1A6A30029B82E520086323B /* Build configuration list for PBXProject "Book Memo" */;
			compatibilityVersion = "Xcode 14.0";
			developmentRegion = en;
			hasScannedForEncodings = 0;
			knownRegions = (
				en,
				Base,
			);
			mainGroup = D1A6A2FC29B82E520086323B;
			productRefGroup = D1A6A30629B82E520086323B /* Products */;
			projectDirPath = "";
			projectRoot = "";
			targets = (
				D1A6A30429B82E520086323B /* Book Memo */,
			);
		};
/* End PBXProject section */

/* Begin PBXResourcesBuildPhase section */
		D1A6A30329B82E520086323B /* Resources */ = {
			isa = PBXResourcesBuildPhase;
			buildActionMask = 2147483647;
			files = (
				D1A6A31529B82E540086323B /* LaunchScreen.storyboard in Resources */,
				D1A6A31229B82E540086323B /* Assets.xcassets in Resources */,
				D1A6A31029B82E520086323B /* Main.storyboard in Resources */,
			);
			runOnlyForDeploymentPostprocessing = 0;
		};
/* End PBXResourcesBuildPhase section */

/* Begin PBXShellScriptBuildPhase section */
		539D301A1D2F457DF7E94645 /* [CP] Check Pods Manifest.lock */ = {
			isa = PBXShellScriptBuildPhase;
			buildActionMask = 2147483647;
			files = (
			);
			inputFileListPaths = (
			);
			inputPaths = (
				"${PODS_PODFILE_DIR_PATH}/Podfile.lock",
				"${PODS_ROOT}/Manifest.lock",
			);
			name = "[CP] Check Pods Manifest.lock";
			outputFileListPaths = (
			);
			outputPaths = (
				"$(DERIVED_FILE_DIR)/Pods-Book Memo-checkManifestLockResult.txt",
			);
			runOnlyForDeploymentPostprocessing = 0;
			shellPath = /bin/sh;
			shellScript = "diff \"${PODS_PODFILE_DIR_PATH}/Podfile.lock\" \"${PODS_ROOT}/Manifest.lock\" > /dev/null\nif [ $? != 0 ] ; then\n    # print error to STDERR\n    echo \"error: The sandbox is not in sync with the Podfile.lock. Run 'pod install' or update your CocoaPods installation.\" >&2\n    exit 1\nfi\n# This output is used by Xcode 'outputs' to avoid re-running this script phase.\necho \"SUCCESS\" > \"${SCRIPT_OUTPUT_FILE_0}\"\n";
			showEnvVarsInLog = 0;
		};
		E684560FDA6CDA4CAEB739CB /* [CP] Embed Pods Frameworks */ = {
			isa = PBXShellScriptBuildPhase;
			buildActionMask = 2147483647;
			files = (
			);
			inputFileListPaths = (
				"${PODS_ROOT}/Target Support Files/Pods-Book Memo/Pods-Book Memo-frameworks-${CONFIGURATION}-input-files.xcfilelist",
			);
			name = "[CP] Embed Pods Frameworks";
			outputFileListPaths = (
				"${PODS_ROOT}/Target Support Files/Pods-Book Memo/Pods-Book Memo-frameworks-${CONFIGURATION}-output-files.xcfilelist",
			);
			runOnlyForDeploymentPostprocessing = 0;
			shellPath = /bin/sh;
			shellScript = "\"${PODS_ROOT}/Target Support Files/Pods-Book Memo/Pods-Book Memo-frameworks.sh\"\n";
			showEnvVarsInLog = 0;
		};
/* End PBXShellScriptBuildPhase section */

/* Begin PBXSourcesBuildPhase section */
		D1A6A30129B82E520086323B /* Sources */ = {
			isa = PBXSourcesBuildPhase;
			buildActionMask = 2147483647;
			files = (
				D13D733929B9A7370096BEA9 /* BookManagementViewController.swift in Sources */,
				D13D733D29B9A7AA0096BEA9 /* OtherViewController.swift in Sources */,
				D1ADBD3329B9E27C0035F1B7 /* Book.swift in Sources */,
				D1A6A30929B82E520086323B /* AppDelegate.swift in Sources */,
				D13D733F29B9AAF10096BEA9 /* TabBarController.swift in Sources */,
				D1A6A30B29B82E520086323B /* SceneDelegate.swift in Sources */,
				D1ADBD3529BAC9DF0035F1B7 /* ViewController.swift in Sources */,
				D13D733B29B9A7880096BEA9 /* BookRegisterViewController.swift in Sources */,
			);
			runOnlyForDeploymentPostprocessing = 0;
		};
/* End PBXSourcesBuildPhase section */

/* Begin PBXVariantGroup section */
		D1A6A30E29B82E520086323B /* Main.storyboard */ = {
			isa = PBXVariantGroup;
			children = (
				D1A6A30F29B82E520086323B /* Base */,
			);
			name = Main.storyboard;
			sourceTree = "<group>";
		};
		D1A6A31329B82E540086323B /* LaunchScreen.storyboard */ = {
			isa = PBXVariantGroup;
			children = (
				D1A6A31429B82E540086323B /* Base */,
			);
			name = LaunchScreen.storyboard;
			sourceTree = "<group>";
		};
/* End PBXVariantGroup section */

/* Begin XCBuildConfiguration section */
		D1A6A31729B82E540086323B /* Debug */ = {
			isa = XCBuildConfiguration;
			buildSettings = {
				ALWAYS_SEARCH_USER_PATHS = NO;
				CLANG_ANALYZER_NONNULL = YES;
				CLANG_ANALYZER_NUMBER_OBJECT_CONVERSION = YES_AGGRESSIVE;
				CLANG_CXX_LANGUAGE_STANDARD = "gnu++20";
				CLANG_ENABLE_MODULES = YES;
				CLANG_ENABLE_OBJC_ARC = YES;
				CLANG_ENABLE_OBJC_WEAK = YES;
				CLANG_WARN_BLOCK_CAPTURE_AUTORELEASING = YES;
				CLANG_WARN_BOOL_CONVERSION = YES;
				CLANG_WARN_COMMA = YES;
				CLANG_WARN_CONSTANT_CONVERSION = YES;
				CLANG_WARN_DEPRECATED_OBJC_IMPLEMENTATIONS = YES;
				CLANG_WARN_DIRECT_OBJC_ISA_USAGE = YES_ERROR;
				CLANG_WARN_DOCUMENTATION_COMMENTS = YES;
				CLANG_WARN_EMPTY_BODY = YES;
				CLANG_WARN_ENUM_CONVERSION = YES;
				CLANG_WARN_INFINITE_RECURSION = YES;
				CLANG_WARN_INT_CONVERSION = YES;
				CLANG_WARN_NON_LITERAL_NULL_CONVERSION = YES;
				CLANG_WARN_OBJC_IMPLICIT_RETAIN_SELF = YES;
				CLANG_WARN_OBJC_LITERAL_CONVERSION = YES;
				CLANG_WARN_OBJC_ROOT_CLASS = YES_ERROR;
				CLANG_WARN_QUOTED_INCLUDE_IN_FRAMEWORK_HEADER = YES;
				CLANG_WARN_RANGE_LOOP_ANALYSIS = YES;
				CLANG_WARN_STRICT_PROTOTYPES = YES;
				CLANG_WARN_SUSPICIOUS_MOVE = YES;
				CLANG_WARN_UNGUARDED_AVAILABILITY = YES_AGGRESSIVE;
				CLANG_WARN_UNREACHABLE_CODE = YES;
				CLANG_WARN__DUPLICATE_METHOD_MATCH = YES;
				COPY_PHASE_STRIP = NO;
				DEBUG_INFORMATION_FORMAT = dwarf;
				ENABLE_STRICT_OBJC_MSGSEND = YES;
				ENABLE_TESTABILITY = YES;
				GCC_C_LANGUAGE_STANDARD = gnu11;
				GCC_DYNAMIC_NO_PIC = NO;
				GCC_NO_COMMON_BLOCKS = YES;
				GCC_OPTIMIZATION_LEVEL = 0;
				GCC_PREPROCESSOR_DEFINITIONS = (
					"DEBUG=1",
					"$(inherited)",
				);
				GCC_WARN_64_TO_32_BIT_CONVERSION = YES;
				GCC_WARN_ABOUT_RETURN_TYPE = YES_ERROR;
				GCC_WARN_UNDECLARED_SELECTOR = YES;
				GCC_WARN_UNINITIALIZED_AUTOS = YES_AGGRESSIVE;
				GCC_WARN_UNUSED_FUNCTION = YES;
				GCC_WARN_UNUSED_VARIABLE = YES;
				IPHONEOS_DEPLOYMENT_TARGET = 16.2;
				MTL_ENABLE_DEBUG_INFO = INCLUDE_SOURCE;
				MTL_FAST_MATH = YES;
				ONLY_ACTIVE_ARCH = YES;
				SDKROOT = iphoneos;
				SWIFT_ACTIVE_COMPILATION_CONDITIONS = DEBUG;
				SWIFT_OPTIMIZATION_LEVEL = "-Onone";
			};
			name = Debug;
		};
		D1A6A31829B82E540086323B /* Release */ = {
			isa = XCBuildConfiguration;
			buildSettings = {
				ALWAYS_SEARCH_USER_PATHS = NO;
				CLANG_ANALYZER_NONNULL = YES;
				CLANG_ANALYZER_NUMBER_OBJECT_CONVERSION = YES_AGGRESSIVE;
				CLANG_CXX_LANGUAGE_STANDARD = "gnu++20";
				CLANG_ENABLE_MODULES = YES;
				CLANG_ENABLE_OBJC_ARC = YES;
				CLANG_ENABLE_OBJC_WEAK = YES;
				CLANG_WARN_BLOCK_CAPTURE_AUTORELEASING = YES;
				CLANG_WARN_BOOL_CONVERSION = YES;
				CLANG_WARN_COMMA = YES;
				CLANG_WARN_CONSTANT_CONVERSION = YES;
				CLANG_WARN_DEPRECATED_OBJC_IMPLEMENTATIONS = YES;
				CLANG_WARN_DIRECT_OBJC_ISA_USAGE = YES_ERROR;
				CLANG_WARN_DOCUMENTATION_COMMENTS = YES;
				CLANG_WARN_EMPTY_BODY = YES;
				CLANG_WARN_ENUM_CONVERSION = YES;
				CLANG_WARN_INFINITE_RECURSION = YES;
				CLANG_WARN_INT_CONVERSION = YES;
				CLANG_WARN_NON_LITERAL_NULL_CONVERSION = YES;
				CLANG_WARN_OBJC_IMPLICIT_RETAIN_SELF = YES;
				CLANG_WARN_OBJC_LITERAL_CONVERSION = YES;
				CLANG_WARN_OBJC_ROOT_CLASS = YES_ERROR;
				CLANG_WARN_QUOTED_INCLUDE_IN_FRAMEWORK_HEADER = YES;
				CLANG_WARN_RANGE_LOOP_ANALYSIS = YES;
				CLANG_WARN_STRICT_PROTOTYPES = YES;
				CLANG_WARN_SUSPICIOUS_MOVE = YES;
				CLANG_WARN_UNGUARDED_AVAILABILITY = YES_AGGRESSIVE;
				CLANG_WARN_UNREACHABLE_CODE = YES;
				CLANG_WARN__DUPLICATE_METHOD_MATCH = YES;
				COPY_PHASE_STRIP = NO;
				DEBUG_INFORMATION_FORMAT = "dwarf-with-dsym";
				ENABLE_NS_ASSERTIONS = NO;
				ENABLE_STRICT_OBJC_MSGSEND = YES;
				GCC_C_LANGUAGE_STANDARD = gnu11;
				GCC_NO_COMMON_BLOCKS = YES;
				GCC_WARN_64_TO_32_BIT_CONVERSION = YES;
				GCC_WARN_ABOUT_RETURN_TYPE = YES_ERROR;
				GCC_WARN_UNDECLARED_SELECTOR = YES;
				GCC_WARN_UNINITIALIZED_AUTOS = YES_AGGRESSIVE;
				GCC_WARN_UNUSED_FUNCTION = YES;
				GCC_WARN_UNUSED_VARIABLE = YES;
				IPHONEOS_DEPLOYMENT_TARGET = 16.2;
				MTL_ENABLE_DEBUG_INFO = NO;
				MTL_FAST_MATH = YES;
				SDKROOT = iphoneos;
				SWIFT_COMPILATION_MODE = wholemodule;
				SWIFT_OPTIMIZATION_LEVEL = "-O";
				VALIDATE_PRODUCT = YES;
			};
			name = Release;
		};
		D1A6A31A29B82E540086323B /* Debug */ = {
			isa = XCBuildConfiguration;
			baseConfigurationReference = 806826913D0BE04FA26C8C9A /* Pods-Book Memo.debug.xcconfig */;
			buildSettings = {
				ASSETCATALOG_COMPILER_APPICON_NAME = AppIcon;
				ASSETCATALOG_COMPILER_GLOBAL_ACCENT_COLOR_NAME = AccentColor;
				CODE_SIGN_STYLE = Automatic;
				CURRENT_PROJECT_VERSION = 1;
				DEVELOPMENT_TEAM = 6J48TJY98C;
				GENERATE_INFOPLIST_FILE = YES;
				INFOPLIST_FILE = "Book Memo/Info.plist";
				INFOPLIST_KEY_UIApplicationSupportsIndirectInputEvents = YES;
				INFOPLIST_KEY_UILaunchStoryboardName = LaunchScreen;
				INFOPLIST_KEY_UIMainStoryboardFile = Main;
				INFOPLIST_KEY_UISupportedInterfaceOrientations_iPad = "UIInterfaceOrientationPortrait UIInterfaceOrientationPortraitUpsideDown UIInterfaceOrientationLandscapeLeft UIInterfaceOrientationLandscapeRight";
				INFOPLIST_KEY_UISupportedInterfaceOrientations_iPhone = "UIInterfaceOrientationPortrait UIInterfaceOrientationLandscapeLeft UIInterfaceOrientationLandscapeRight";
				LD_RUNPATH_SEARCH_PATHS = (
					"$(inherited)",
					"@executable_path/Frameworks",
				);
				MARKETING_VERSION = 1.0;
				PRODUCT_BUNDLE_IDENTIFIER = "jp.techacademy.yuuki.naka.Book-Memo";
				PRODUCT_NAME = "$(TARGET_NAME)";
				SWIFT_EMIT_LOC_STRINGS = YES;
				SWIFT_VERSION = 5.0;
				TARGETED_DEVICE_FAMILY = "1,2";
			};
			name = Debug;
		};
		D1A6A31B29B82E540086323B /* Release */ = {
			isa = XCBuildConfiguration;
			baseConfigurationReference = 72D9A6F4F5B103C791C9B36E /* Pods-Book Memo.release.xcconfig */;
			buildSettings = {
				ASSETCATALOG_COMPILER_APPICON_NAME = AppIcon;
				ASSETCATALOG_COMPILER_GLOBAL_ACCENT_COLOR_NAME = AccentColor;
				CODE_SIGN_STYLE = Automatic;
				CURRENT_PROJECT_VERSION = 1;
				DEVELOPMENT_TEAM = 6J48TJY98C;
				GENERATE_INFOPLIST_FILE = YES;
				INFOPLIST_FILE = "Book Memo/Info.plist";
				INFOPLIST_KEY_UIApplicationSupportsIndirectInputEvents = YES;
				INFOPLIST_KEY_UILaunchStoryboardName = LaunchScreen;
				INFOPLIST_KEY_UIMainStoryboardFile = Main;
				INFOPLIST_KEY_UISupportedInterfaceOrientations_iPad = "UIInterfaceOrientationPortrait UIInterfaceOrientationPortraitUpsideDown UIInterfaceOrientationLandscapeLeft UIInterfaceOrientationLandscapeRight";
				INFOPLIST_KEY_UISupportedInterfaceOrientations_iPhone = "UIInterfaceOrientationPortrait UIInterfaceOrientationLandscapeLeft UIInterfaceOrientationLandscapeRight";
				LD_RUNPATH_SEARCH_PATHS = (
					"$(inherited)",
					"@executable_path/Frameworks",
				);
				MARKETING_VERSION = 1.0;
				PRODUCT_BUNDLE_IDENTIFIER = "jp.techacademy.yuuki.naka.Book-Memo";
				PRODUCT_NAME = "$(TARGET_NAME)";
				SWIFT_EMIT_LOC_STRINGS = YES;
				SWIFT_VERSION = 5.0;
				TARGETED_DEVICE_FAMILY = "1,2";
			};
			name = Release;
		};
/* End XCBuildConfiguration section */

/* Begin XCConfigurationList section */
		D1A6A30029B82E520086323B /* Build configuration list for PBXProject "Book Memo" */ = {
			isa = XCConfigurationList;
			buildConfigurations = (
				D1A6A31729B82E540086323B /* Debug */,
				D1A6A31829B82E540086323B /* Release */,
			);
			defaultConfigurationIsVisible = 0;
			defaultConfigurationName = Release;
		};
		D1A6A31929B82E540086323B /* Build configuration list for PBXNativeTarget "Book Memo" */ = {
			isa = XCConfigurationList;
			buildConfigurations = (
				D1A6A31A29B82E540086323B /* Debug */,
				D1A6A31B29B82E540086323B /* Release */,
			);
			defaultConfigurationIsVisible = 0;
			defaultConfigurationName = Release;
		};
/* End XCConfigurationList section */
	};
	rootObject = D1A6A2FD29B82E520086323B /* Project object */;
}
